
Microsoft Visual Studio Solution File, Format Version 12.00
# Visual Studio Version 17
VisualStudioVersion = 17.4.33122.133
MinimumVisualStudioVersion = 10.0.40219.1
Project("{FAE04EC0-301F-11D3-BF4B-00C04F79EFBC}") = "tobii_test", "tobii_test\tobii_test.csproj", "{38807175-2B9E-4082-96EE-49ED32D3527A}"
EndProject
Global
	GlobalSection(SolutionConfigurationPlatforms) = preSolution
		Debug|Any CPU = Debug|Any CPU
		Release|Any CPU = Release|Any CPU
	EndGlobalSection
	GlobalSection(ProjectConfigurationPlatforms) = postSolution
		{38807175-2B9E-4082-96EE-49ED32D3527A}.Debug|Any CPU.ActiveCfg = Debug|Any CPU
		{38807175-2B9E-4082-96EE-49ED32D3527A}.Debug|Any CPU.Build.0 = Debug|Any CPU
		{38807175-2B9E-4082-96EE-49ED32D3527A}.Release|Any CPU.ActiveCfg = Release|Any CPU
		{38807175-2B9E-4082-96EE-49ED32D3527A}.Release|Any CPU.Build.0 = Release|Any CPU
	EndGlobalSection
	GlobalSection(SolutionProperties) = preSolution
		HideSolutionNode = FALSE
	EndGlobalSection
	GlobalSection(ExtensibilityGlobals) = postSolution
		SolutionGuid = {67FEF0E5-4682-4385-A367-31BF8C64D90C}
	EndGlobalSection
EndGlobal
